
Microsoft Visual Studio Solution File, Format Version 12.00
Project("{FAE04EC0-301F-11D3-BF4B-00C04F79EFBC}") = "Payment.Service", "Payment\Payment.Service\Payment.Service.csproj", "{546A1067-6667-447C-BF4E-4F51A4EADD85}"
EndProject
Project("{2150E333-8FDC-42A3-9474-1A3956D46DE8}") = "Payment", "Payment", "{8297EDAA-0A19-4A98-9250-25CD90AD9CC0}"
EndProject
Project("{2150E333-8FDC-42A3-9474-1A3956D46DE8}") = "Report", "Report", "{FE75BDAF-703D-43BB-9820-4B70CC7168D9}"
EndProject
Project("{2150E333-8FDC-42A3-9474-1A3956D46DE8}") = "Transaction", "Transaction", "{1418CA7A-C7F5-4130-9BBE-77A1562581D0}"
EndProject
Project("{FAE04EC0-301F-11D3-BF4B-00C04F79EFBC}") = "Payment.Core", "Payment\Payment.Core\Payment.Core.csproj", "{9119C5FF-8EC8-4755-A79B-AD926A485232}"
EndProject
Project("{FAE04EC0-301F-11D3-BF4B-00C04F79EFBC}") = "Payment.API", "Payment\Payment.API\Payment.API.csproj", "{420A6285-B2A4-41B6-924D-50D0DD22109A}"
EndProject
Project("{FAE04EC0-301F-11D3-BF4B-00C04F79EFBC}") = "Transaction.Service", "Transaction\Transaction.Service\Transaction.Service.csproj", "{DD8D5FB6-51AB-42A2-A583-2CA69D214CD1}"
EndProject
Project("{FAE04EC0-301F-11D3-BF4B-00C04F79EFBC}") = "Transaction.Core", "Transaction\Transaction.Core\Transaction.Core.csproj", "{7E625089-C2FF-4F03-9DF3-EC50CA4C0328}"
EndProject
Project("{FAE04EC0-301F-11D3-BF4B-00C04F79EFBC}") = "Report.Core", "Report\Report.Core\Report.Core.csproj", "{9A5B139D-F8F3-45E3-9303-61A56CEACFF4}"
EndProject
Project("{FAE04EC0-301F-11D3-BF4B-00C04F79EFBC}") = "Report.Service", "Report\Report.Service\Report.Service.csproj", "{904DD80C-EB58-40CA-95DB-58A5D9FEEA05}"
EndProject
Project("{FAE04EC0-301F-11D3-BF4B-00C04F79EFBC}") = "Report.API", "Report\Report.API\Report.API.csproj", "{71481BC7-9CE0-4F45-A381-DBFC9EBEE582}"
EndProject
Project("{2150E333-8FDC-42A3-9474-1A3956D46DE8}") = "Orchestrator", "Orchestrator", "{A1B30441-EA8C-4990-958F-5073C64DC925}"
EndProject
Project("{FAE04EC0-301F-11D3-BF4B-00C04F79EFBC}") = "Orchestrator.Core", "Orchestrator.Core\Orchestrator.Core.csproj", "{15EED10D-26DC-4FEA-8FA9-5DDA60C32670}"
EndProject
Project("{FAE04EC0-301F-11D3-BF4B-00C04F79EFBC}") = "Orchestrator.Service", "Orchestrator.Service\Orchestrator.Service.csproj", "{D1EDFD23-8944-4951-87BA-B88A254F95EF}"
EndProject
Global
	GlobalSection(SolutionConfigurationPlatforms) = preSolution
		Debug|Any CPU = Debug|Any CPU
		Release|Any CPU = Release|Any CPU
	EndGlobalSection
	GlobalSection(ProjectConfigurationPlatforms) = postSolution
		{546A1067-6667-447C-BF4E-4F51A4EADD85}.Debug|Any CPU.ActiveCfg = Debug|Any CPU
		{546A1067-6667-447C-BF4E-4F51A4EADD85}.Debug|Any CPU.Build.0 = Debug|Any CPU
		{546A1067-6667-447C-BF4E-4F51A4EADD85}.Release|Any CPU.ActiveCfg = Release|Any CPU
		{546A1067-6667-447C-BF4E-4F51A4EADD85}.Release|Any CPU.Build.0 = Release|Any CPU
		{9119C5FF-8EC8-4755-A79B-AD926A485232}.Debug|Any CPU.ActiveCfg = Debug|Any CPU
		{9119C5FF-8EC8-4755-A79B-AD926A485232}.Debug|Any CPU.Build.0 = Debug|Any CPU
		{9119C5FF-8EC8-4755-A79B-AD926A485232}.Release|Any CPU.ActiveCfg = Release|Any CPU
		{9119C5FF-8EC8-4755-A79B-AD926A485232}.Release|Any CPU.Build.0 = Release|Any CPU
		{420A6285-B2A4-41B6-924D-50D0DD22109A}.Debug|Any CPU.ActiveCfg = Debug|Any CPU
		{420A6285-B2A4-41B6-924D-50D0DD22109A}.Debug|Any CPU.Build.0 = Debug|Any CPU
		{420A6285-B2A4-41B6-924D-50D0DD22109A}.Release|Any CPU.ActiveCfg = Release|Any CPU
		{420A6285-B2A4-41B6-924D-50D0DD22109A}.Release|Any CPU.Build.0 = Release|Any CPU
		{DD8D5FB6-51AB-42A2-A583-2CA69D214CD1}.Debug|Any CPU.ActiveCfg = Debug|Any CPU
		{DD8D5FB6-51AB-42A2-A583-2CA69D214CD1}.Debug|Any CPU.Build.0 = Debug|Any CPU
		{DD8D5FB6-51AB-42A2-A583-2CA69D214CD1}.Release|Any CPU.ActiveCfg = Release|Any CPU
		{DD8D5FB6-51AB-42A2-A583-2CA69D214CD1}.Release|Any CPU.Build.0 = Release|Any CPU
		{7E625089-C2FF-4F03-9DF3-EC50CA4C0328}.Debug|Any CPU.ActiveCfg = Debug|Any CPU
		{7E625089-C2FF-4F03-9DF3-EC50CA4C0328}.Debug|Any CPU.Build.0 = Debug|Any CPU
		{7E625089-C2FF-4F03-9DF3-EC50CA4C0328}.Release|Any CPU.ActiveCfg = Release|Any CPU
		{7E625089-C2FF-4F03-9DF3-EC50CA4C0328}.Release|Any CPU.Build.0 = Release|Any CPU
		{9A5B139D-F8F3-45E3-9303-61A56CEACFF4}.Debug|Any CPU.ActiveCfg = Debug|Any CPU
		{9A5B139D-F8F3-45E3-9303-61A56CEACFF4}.Debug|Any CPU.Build.0 = Debug|Any CPU
		{9A5B139D-F8F3-45E3-9303-61A56CEACFF4}.Release|Any CPU.ActiveCfg = Release|Any CPU
		{9A5B139D-F8F3-45E3-9303-61A56CEACFF4}.Release|Any CPU.Build.0 = Release|Any CPU
		{904DD80C-EB58-40CA-95DB-58A5D9FEEA05}.Debug|Any CPU.ActiveCfg = Debug|Any CPU
		{904DD80C-EB58-40CA-95DB-58A5D9FEEA05}.Debug|Any CPU.Build.0 = Debug|Any CPU
		{904DD80C-EB58-40CA-95DB-58A5D9FEEA05}.Release|Any CPU.ActiveCfg = Release|Any CPU
		{904DD80C-EB58-40CA-95DB-58A5D9FEEA05}.Release|Any CPU.Build.0 = Release|Any CPU
		{71481BC7-9CE0-4F45-A381-DBFC9EBEE582}.Debug|Any CPU.ActiveCfg = Debug|Any CPU
		{71481BC7-9CE0-4F45-A381-DBFC9EBEE582}.Debug|Any CPU.Build.0 = Debug|Any CPU
		{71481BC7-9CE0-4F45-A381-DBFC9EBEE582}.Release|Any CPU.ActiveCfg = Release|Any CPU
		{71481BC7-9CE0-4F45-A381-DBFC9EBEE582}.Release|Any CPU.Build.0 = Release|Any CPU
		{15EED10D-26DC-4FEA-8FA9-5DDA60C32670}.Debug|Any CPU.ActiveCfg = Debug|Any CPU
		{15EED10D-26DC-4FEA-8FA9-5DDA60C32670}.Debug|Any CPU.Build.0 = Debug|Any CPU
		{15EED10D-26DC-4FEA-8FA9-5DDA60C32670}.Release|Any CPU.ActiveCfg = Release|Any CPU
		{15EED10D-26DC-4FEA-8FA9-5DDA60C32670}.Release|Any CPU.Build.0 = Release|Any CPU
		{D1EDFD23-8944-4951-87BA-B88A254F95EF}.Debug|Any CPU.ActiveCfg = Debug|Any CPU
		{D1EDFD23-8944-4951-87BA-B88A254F95EF}.Debug|Any CPU.Build.0 = Debug|Any CPU
		{D1EDFD23-8944-4951-87BA-B88A254F95EF}.Release|Any CPU.ActiveCfg = Release|Any CPU
		{D1EDFD23-8944-4951-87BA-B88A254F95EF}.Release|Any CPU.Build.0 = Release|Any CPU
	EndGlobalSection
	GlobalSection(NestedProjects) = preSolution
		{546A1067-6667-447C-BF4E-4F51A4EADD85} = {8297EDAA-0A19-4A98-9250-25CD90AD9CC0}
		{9119C5FF-8EC8-4755-A79B-AD926A485232} = {8297EDAA-0A19-4A98-9250-25CD90AD9CC0}
		{420A6285-B2A4-41B6-924D-50D0DD22109A} = {8297EDAA-0A19-4A98-9250-25CD90AD9CC0}
		{DD8D5FB6-51AB-42A2-A583-2CA69D214CD1} = {1418CA7A-C7F5-4130-9BBE-77A1562581D0}
		{7E625089-C2FF-4F03-9DF3-EC50CA4C0328} = {1418CA7A-C7F5-4130-9BBE-77A1562581D0}
		{9A5B139D-F8F3-45E3-9303-61A56CEACFF4} = {FE75BDAF-703D-43BB-9820-4B70CC7168D9}
		{904DD80C-EB58-40CA-95DB-58A5D9FEEA05} = {FE75BDAF-703D-43BB-9820-4B70CC7168D9}
		{71481BC7-9CE0-4F45-A381-DBFC9EBEE582} = {FE75BDAF-703D-43BB-9820-4B70CC7168D9}
		{15EED10D-26DC-4FEA-8FA9-5DDA60C32670} = {A1B30441-EA8C-4990-958F-5073C64DC925}
		{D1EDFD23-8944-4951-87BA-B88A254F95EF} = {A1B30441-EA8C-4990-958F-5073C64DC925}
	EndGlobalSection
EndGlobal
